# THIS IS AN AUTOGENERATED FILE. DO NOT EDIT THIS FILE DIRECTLY.
# yarn lockfile v1


"@csr/awesome_components@^1.1.8":
  version "1.1.8"
  resolved "https://registry.yarnpkg.com/@csr/awesome_components/-/awesome_components-1.1.8.tgz#7a21765d5980be4bc21cbede27cffafe91bc868e"
  integrity sha512-RB8HAqhrxHwKODwspAeNnlEFg/VLSPHQM0W+nf1W7bFgl6Ah7u5UXRHdT6l0NDHbSGBtyT3wJ8UCpJKAHvoA4g==
