# THIS IS AN AUTOGENERATED FILE. DO NOT EDIT THIS FILE DIRECTLY.
# yarn lockfile v1


"@csr/awesome_components@^1.2.1":
  version "1.2.1"
  resolved "https://registry.yarnpkg.com/@csr/awesome_components/-/awesome_components-1.2.1.tgz#379ff353b70e87f2fe67e02fb34a113d5e90e6f2"
  integrity sha512-qXh3gi43W6n4jBfygxUlzYxTrumjt46ckOnHkonjFSQW+YKc91hWFHi/EwtnkHTMO19n2N08uY1Rov7jb3eVZQ==
