# THIS IS AN AUTOGENERATED FILE. DO NOT EDIT THIS FILE DIRECTLY.
# yarn lockfile v1


"@csr/awesome_components@^1.2.6":
  version "1.2.6"
  resolved "https://registry.yarnpkg.com/@csr/awesome_components/-/awesome_components-1.2.6.tgz#348c52b411e620d4712528fd93cb98834e2683a2"
  integrity sha512-T6Cqp2xspMGcm+62wDx04QSGVg6+o5PgmxppcpSDlhN56GYeEYZjB/PYAlLIKnw5f+XYeE6SOJjhcAqAg6tpQQ==
